# THIS IS AN AUTOGENERATED FILE. DO NOT EDIT THIS FILE DIRECTLY.
# yarn lockfile v1


react-hook-form@^7.20.1:
  version "7.20.1"
  resolved "https://registry.yarnpkg.com/react-hook-form/-/react-hook-form-7.20.1.tgz#37e7393789087e9cbe20362dc78c9743d88696af"
  integrity sha512-5uzLrIb4cM1hRldwcazhNojweGXGaxhsozyFdAeUHzxLn40VNyfNN/Em3vqHPS2CounBZkwQk3P7XnGcb0dC6g==
